
Microsoft Visual Studio Solution File, Format Version 12.00
# Visual Studio Version 17
VisualStudioVersion = 17.9.34622.214
MinimumVisualStudioVersion = 10.0.40219.1
Project("{FAE04EC0-301F-11D3-BF4B-00C04F79EFBC}") = "Sign-In Class", "Sign-In Class.csproj", "{A149B0BA-FB60-4471-9C8E-0AF3CD933E5A}"
EndProject
Global
	GlobalSection(SolutionConfigurationPlatforms) = preSolution
		Debug|Any CPU = Debug|Any CPU
		Release|Any CPU = Release|Any CPU
	EndGlobalSection
	GlobalSection(ProjectConfigurationPlatforms) = postSolution
		{A149B0BA-FB60-4471-9C8E-0AF3CD933E5A}.Debug|Any CPU.ActiveCfg = Debug|Any CPU
		{A149B0BA-FB60-4471-9C8E-0AF3CD933E5A}.Debug|Any CPU.Build.0 = Debug|Any CPU
		{A149B0BA-FB60-4471-9C8E-0AF3CD933E5A}.Release|Any CPU.ActiveCfg = Release|Any CPU
		{A149B0BA-FB60-4471-9C8E-0AF3CD933E5A}.Release|Any CPU.Build.0 = Release|Any CPU
	EndGlobalSection
	GlobalSection(SolutionProperties) = preSolution
		HideSolutionNode = FALSE
	EndGlobalSection
	GlobalSection(ExtensibilityGlobals) = postSolution
		SolutionGuid = {376C2701-2C9E-4BC1-845A-7932EF2742CC}
	EndGlobalSection
EndGlobal
