
Microsoft Visual Studio Solution File, Format Version 12.00
# Visual Studio Version 17
VisualStudioVersion = 17.9.34622.214
MinimumVisualStudioVersion = 10.0.40219.1
Project("{FAE04EC0-301F-11D3-BF4B-00C04F79EFBC}") = "Signup_Registration_Class", "Signup_Registration_Class.csproj", "{41510B77-36FA-44DC-BE71-9ED2BD253CB1}"
EndProject
Global
	GlobalSection(SolutionConfigurationPlatforms) = preSolution
		Debug|Any CPU = Debug|Any CPU
		Release|Any CPU = Release|Any CPU
	EndGlobalSection
	GlobalSection(ProjectConfigurationPlatforms) = postSolution
		{41510B77-36FA-44DC-BE71-9ED2BD253CB1}.Debug|Any CPU.ActiveCfg = Debug|Any CPU
		{41510B77-36FA-44DC-BE71-9ED2BD253CB1}.Debug|Any CPU.Build.0 = Debug|Any CPU
		{41510B77-36FA-44DC-BE71-9ED2BD253CB1}.Release|Any CPU.ActiveCfg = Release|Any CPU
		{41510B77-36FA-44DC-BE71-9ED2BD253CB1}.Release|Any CPU.Build.0 = Release|Any CPU
	EndGlobalSection
	GlobalSection(SolutionProperties) = preSolution
		HideSolutionNode = FALSE
	EndGlobalSection
	GlobalSection(ExtensibilityGlobals) = postSolution
		SolutionGuid = {87D072BD-16F0-427A-8FED-6941C6D432B4}
	EndGlobalSection
EndGlobal
